
Microsoft Visual Studio Solution File, Format Version 12.00
# Visual Studio Version 16
VisualStudioVersion = 16.0.31129.286
MinimumVisualStudioVersion = 10.0.40219.1
Project("{FAE04EC0-301F-11D3-BF4B-00C04F79EFBC}") = "DotNetAzureTest", "DotNetAzureTest\DotNetAzureTest.csproj", "{4D8EEFEE-B729-43EB-A000-8F81663FB00C}"
EndProject
Global
	GlobalSection(SolutionConfigurationPlatforms) = preSolution
		Debug|Any CPU = Debug|Any CPU
		Release|Any CPU = Release|Any CPU
	EndGlobalSection
	GlobalSection(ProjectConfigurationPlatforms) = postSolution
		{4D8EEFEE-B729-43EB-A000-8F81663FB00C}.Debug|Any CPU.ActiveCfg = Debug|Any CPU
		{4D8EEFEE-B729-43EB-A000-8F81663FB00C}.Debug|Any CPU.Build.0 = Debug|Any CPU
		{4D8EEFEE-B729-43EB-A000-8F81663FB00C}.Release|Any CPU.ActiveCfg = Release|Any CPU
		{4D8EEFEE-B729-43EB-A000-8F81663FB00C}.Release|Any CPU.Build.0 = Release|Any CPU
	EndGlobalSection
	GlobalSection(SolutionProperties) = preSolution
		HideSolutionNode = FALSE
	EndGlobalSection
	GlobalSection(ExtensibilityGlobals) = postSolution
		SolutionGuid = {1C3E71E6-ED5C-45C3-8FF4-0AAF689A82E9}
	EndGlobalSection
EndGlobal
